# This file is autogenerated, do not edit; changes may be undone by the next 'dep ensure'.


[[projects]]
  digest = "1:6fa8b886634cec12375d8a9187a01f297a19f7ea8e8eb8b1935d39f9f24e32cc"
  name = "github.com/gruntwork-io/terratest"
  packages = ["modules/logger"]
  pruneopts = "UT"
  revision = "ef405f088c69e1dc5913c8026daa10efc33d9283"
  version = "v0.15.13"

[solve-meta]
  analyzer-name = "dep"
  analyzer-version = 1
  input-imports = ["github.com/gruntwork-io/terratest/modules/logger"]
  solver-name = "gps-cdcl"
  solver-version = 1
