# This file is autogenerated, do not edit; changes may be undone by the next 'dep ensure'.


[[projects]]
  digest = "1:c24cf61717273a2331529a7ff524dc0598584816837056f56f4a12ee15dbff6a"
  name = "github.com/gruntwork-io/terratest"
  packages = [
    "modules/logger",
    "modules/testing",
  ]
  pruneopts = "UT"
  revision = "9a13cdb207a7572058b667264612e5edbb3f1fda"
  version = "v0.28.15"

[solve-meta]
  analyzer-name = "dep"
  analyzer-version = 1
  input-imports = ["github.com/gruntwork-io/terratest/modules/logger"]
  solver-name = "gps-cdcl"
  solver-version = 1
